// !$*UTF8*$!
{
	archiveVersion = 1;
	classes = {
	};
	objectVersion = 46;
	objects = {

/* Begin PBXBuildFile section */
		AC59BF551DB61A0300091A63 /* main.m in Sources */ = {isa = PBXBuildFile; fileRef = AC59BF541DB61A0300091A63 /* main.m */; };
		AC59BF581DB61A0300091A63 /* AppDelegate.m in Sources */ = {isa = PBXBuildFile; fileRef = AC59BF571DB61A0300091A63 /* AppDelegate.m */; };
		AC59BF5B1DB61A0300091A63 /* ViewController.m in Sources */ = {isa = PBXBuildFile; fileRef = AC59BF5A1DB61A0300091A63 /* ViewController.m */; };
		AC59BF5E1DB61A0300091A63 /* Main.storyboard in Resources */ = {isa = PBXBuildFile; fileRef = AC59BF5C1DB61A0300091A63 /* Main.storyboard */; };
		AC59BF611DB61A0300091A63 /* QuickDiscount.xcdatamodeld in Sources */ = {isa = PBXBuildFile; fileRef = AC59BF5F1DB61A0300091A63 /* QuickDiscount.xcdatamodeld */; };
		AC59BF631DB61A0300091A63 /* Assets.xcassets in Resources */ = {isa = PBXBuildFile; fileRef = AC59BF621DB61A0300091A63 /* Assets.xcassets */; };
		AC59BF661DB61A0300091A63 /* LaunchScreen.storyboard in Resources */ = {isa = PBXBuildFile; fileRef = AC59BF641DB61A0300091A63 /* LaunchScreen.storyboard */; };
		AC59BF711DB61A0300091A63 /* QuickDiscountTests.m in Sources */ = {isa = PBXBuildFile; fileRef = AC59BF701DB61A0300091A63 /* QuickDiscountTests.m */; };
		AC59BF7C1DB61A0300091A63 /* QuickDiscountUITests.m in Sources */ = {isa = PBXBuildFile; fileRef = AC59BF7B1DB61A0300091A63 /* QuickDiscountUITests.m */; };
/* End PBXBuildFile section */

/* Begin PBXContainerItemProxy section */
		AC59BF6D1DB61A0300091A63 /* PBXContainerItemProxy */ = {
			isa = PBXContainerItemProxy;
			containerPortal = AC59BF481DB61A0200091A63 /* Project object */;
			proxyType = 1;
			remoteGlobalIDString = AC59BF4F1DB61A0300091A63;
			remoteInfo = QuickDiscount;
		};
		AC59BF781DB61A0300091A63 /* PBXContainerItemProxy */ = {
			isa = PBXContainerItemProxy;
			containerPortal = AC59BF481DB61A0200091A63 /* Project object */;
			proxyType = 1;
			remoteGlobalIDString = AC59BF4F1DB61A0300091A63;
			remoteInfo = QuickDiscount;
		};
/* End PBXContainerItemProxy section */

/* Begin PBXFileReference section */
		AC59BF501DB61A0300091A63 /* QuickDiscount.app */ = {isa = PBXFileReference; explicitFileType = wrapper.application; includeInIndex = 0; path = QuickDiscount.app; sourceTree = BUILT_PRODUCTS_DIR; };
		AC59BF541DB61A0300091A63 /* main.m */ = {isa = PBXFileReference; lastKnownFileType = sourcecode.c.objc; path = main.m; sourceTree = "<group>"; };
		AC59BF561DB61A0300091A63 /* AppDelegate.h */ = {isa = PBXFileReference; lastKnownFileType = sourcecode.c.h; path = AppDelegate.h; sourceTree = "<group>"; };
		AC59BF571DB61A0300091A63 /* AppDelegate.m */ = {isa = PBXFileReference; lastKnownFileType = sourcecode.c.objc; path = AppDelegate.m; sourceTree = "<group>"; };
		AC59BF591DB61A0300091A63 /* ViewController.h */ = {isa = PBXFileReference; lastKnownFileType = sourcecode.c.h; path = ViewController.h; sourceTree = "<group>"; };
		AC59BF5A1DB61A0300091A63 /* ViewController.m */ = {isa = PBXFileReference; lastKnownFileType = sourcecode.c.objc; path = ViewController.m; sourceTree = "<group>"; };
		AC59BF5D1DB61A0300091A63 /* Base */ = {isa = PBXFileReference; lastKnownFileType = file.storyboard; name = Base; path = Base.lproj/Main.storyboard; sourceTree = "<group>"; };
		AC59BF601DB61A0300091A63 /* QuickDiscount.xcdatamodel */ = {isa = PBXFileReference; lastKnownFileType = wrapper.xcdatamodel; path = QuickDiscount.xcdatamodel; sourceTree = "<group>"; };
		AC59BF621DB61A0300091A63 /* Assets.xcassets */ = {isa = PBXFileReference; lastKnownFileType = folder.assetcatalog; path = Assets.xcassets; sourceTree = "<group>"; };
		AC59BF651DB61A0300091A63 /* Base */ = {isa = PBXFileReference; lastKnownFileType = file.storyboard; name = Base; path = Base.lproj/LaunchScreen.storyboard; sourceTree = "<group>"; };
		AC59BF671DB61A0300091A63 /* Info.plist */ = {isa = PBXFileReference; lastKnownFileType = text.plist.xml; path = Info.plist; sourceTree = "<group>"; };
		AC59BF6C1DB61A0300091A63 /* QuickDiscountTests.xctest */ = {isa = PBXFileReference; explicitFileType = wrapper.cfbundle; includeInIndex = 0; path = QuickDiscountTests.xctest; sourceTree = BUILT_PRODUCTS_DIR; };
		AC59BF701DB61A0300091A63 /* QuickDiscountTests.m */ = {isa = PBXFileReference; lastKnownFileType = sourcecode.c.objc; path = QuickDiscountTests.m; sourceTree = "<group>"; };
		AC59BF721DB61A0300091A63 /* Info.plist */ = {isa = PBXFileReference; lastKnownFileType = text.plist.xml; path = Info.plist; sourceTree = "<group>"; };
		AC59BF771DB61A0300091A63 /* QuickDiscountUITests.xctest */ = {isa = PBXFileReference; explicitFileType = wrapper.cfbundle; includeInIndex = 0; path = QuickDiscountUITests.xctest; sourceTree = BUILT_PRODUCTS_DIR; };
		AC59BF7B1DB61A0300091A63 /* QuickDiscountUITests.m */ = {isa = PBXFileReference; lastKnownFileType = sourcecode.c.objc; path = QuickDiscountUITests.m; sourceTree = "<group>"; };
		AC59BF7D1DB61A0300091A63 /* Info.plist */ = {isa = PBXFileReference; lastKnownFileType = text.plist.xml; path = Info.plist; sourceTree = "<group>"; };
/* End PBXFileReference section */

/* Begin PBXFrameworksBuildPhase section */
		AC59BF4D1DB61A0300091A63 /* Frameworks */ = {
			isa = PBXFrameworksBuildPhase;
			buildActionMask = 2147483647;
			files = (
			);
			runOnlyForDeploymentPostprocessing = 0;
		};
		AC59BF691DB61A0300091A63 /* Frameworks */ = {
			isa = PBXFrameworksBuildPhase;
			buildActionMask = 2147483647;
			files = (
			);
			runOnlyForDeploymentPostprocessing = 0;
		};
		AC59BF741DB61A0300091A63 /* Frameworks */ = {
			isa = PBXFrameworksBuildPhase;
			buildActionMask = 2147483647;
			files = (
			);
			runOnlyForDeploymentPostprocessing = 0;
		};
/* End PBXFrameworksBuildPhase section */

/* Begin PBXGroup section */
		AC59BF471DB61A0200091A63 = {
			isa = PBXGroup;
			children = (
				AC59BF521DB61A0300091A63 /* QuickDiscount */,
				AC59BF6F1DB61A0300091A63 /* QuickDiscountTests */,
				AC59BF7A1DB61A0300091A63 /* QuickDiscountUITests */,
				AC59BF511DB61A0300091A63 /* Products */,
			);
			sourceTree = "<group>";
		};
		AC59BF511DB61A0300091A63 /* Products */ = {
			isa = PBXGroup;
			children = (
				AC59BF501DB61A0300091A63 /* QuickDiscount.app */,
				AC59BF6C1DB61A0300091A63 /* QuickDiscountTests.xctest */,
				AC59BF771DB61A0300091A63 /* QuickDiscountUITests.xctest */,
			);
			name = Products;
			sourceTree = "<group>";
		};
		AC59BF521DB61A0300091A63 /* QuickDiscount */ = {
			isa = PBXGroup;
			children = (
				AC59BF561DB61A0300091A63 /* AppDelegate.h */,
				AC59BF571DB61A0300091A63 /* AppDelegate.m */,
				AC59BF591DB61A0300091A63 /* ViewController.h */,
				AC59BF5A1DB61A0300091A63 /* ViewController.m */,
				AC59BF5C1DB61A0300091A63 /* Main.storyboard */,
				AC59BF621DB61A0300091A63 /* Assets.xcassets */,
				AC59BF641DB61A0300091A63 /* LaunchScreen.storyboard */,
				AC59BF671DB61A0300091A63 /* Info.plist */,
				AC59BF5F1DB61A0300091A63 /* QuickDiscount.xcdatamodeld */,
				AC59BF531DB61A0300091A63 /* Supporting Files */,
			);
			path = QuickDiscount;
			sourceTree = "<group>";
		};
		AC59BF531DB61A0300091A63 /* Supporting Files */ = {
			isa = PBXGroup;
			children = (
				AC59BF541DB61A0300091A63 /* main.m */,
			);
			name = "Supporting Files";
			sourceTree = "<group>";
		};
		AC59BF6F1DB61A0300091A63 /* QuickDiscountTests */ = {
			isa = PBXGroup;
			children = (
				AC59BF701DB61A0300091A63 /* QuickDiscountTests.m */,
				AC59BF721DB61A0300091A63 /* Info.plist */,
			);
			path = QuickDiscountTests;
			sourceTree = "<group>";
		};
		AC59BF7A1DB61A0300091A63 /* QuickDiscountUITests */ = {
			isa = PBXGroup;
			children = (
				AC59BF7B1DB61A0300091A63 /* QuickDiscountUITests.m */,
				AC59BF7D1DB61A0300091A63 /* Info.plist */,
			);
			path = QuickDiscountUITests;
			sourceTree = "<group>";
		};
/* End PBXGroup section */

/* Begin PBXNativeTarget section */
		AC59BF4F1DB61A0300091A63 /* QuickDiscount */ = {
			isa = PBXNativeTarget;
			buildConfigurationList = AC59BF801DB61A0300091A63 /* Build configuration list for PBXNativeTarget "QuickDiscount" */;
			buildPhases = (
				AC59BF4C1DB61A0300091A63 /* Sources */,
				AC59BF4D1DB61A0300091A63 /* Frameworks */,
				AC59BF4E1DB61A0300091A63 /* Resources */,
			);
			buildRules = (
			);
			dependencies = (
			);
			name = QuickDiscount;
			productName = QuickDiscount;
			productReference = AC59BF501DB61A0300091A63 /* QuickDiscount.app */;
			productType = "com.apple.product-type.application";
		};
		AC59BF6B1DB61A0300091A63 /* QuickDiscountTests */ = {
			isa = PBXNativeTarget;
			buildConfigurationList = AC59BF831DB61A0300091A63 /* Build configuration list for PBXNativeTarget "QuickDiscountTests" */;
			buildPhases = (
				AC59BF681DB61A0300091A63 /* Sources */,
				AC59BF691DB61A0300091A63 /* Frameworks */,
				AC59BF6A1DB61A0300091A63 /* Resources */,
			);
			buildRules = (
			);
			dependencies = (
				AC59BF6E1DB61A0300091A63 /* PBXTargetDependency */,
			);
			name = QuickDiscountTests;
			productName = QuickDiscountTests;
			productReference = AC59BF6C1DB61A0300091A63 /* QuickDiscountTests.xctest */;
			productType = "com.apple.product-type.bundle.unit-test";
		};
		AC59BF761DB61A0300091A63 /* QuickDiscountUITests */ = {
			isa = PBXNativeTarget;
			buildConfigurationList = AC59BF861DB61A0300091A63 /* Build configuration list for PBXNativeTarget "QuickDiscountUITests" */;
			buildPhases = (
				AC59BF731DB61A0300091A63 /* Sources */,
				AC59BF741DB61A0300091A63 /* Frameworks */,
				AC59BF751DB61A0300091A63 /* Resources */,
			);
			buildRules = (
			);
			dependencies = (
				AC59BF791DB61A0300091A63 /* PBXTargetDependency */,
			);
			name = QuickDiscountUITests;
			productName = QuickDiscountUITests;
			productReference = AC59BF771DB61A0300091A63 /* QuickDiscountUITests.xctest */;
			productType = "com.apple.product-type.bundle.ui-testing";
		};
/* End PBXNativeTarget section */

/* Begin PBXProject section */
		AC59BF481DB61A0200091A63 /* Project object */ = {
			isa = PBXProject;
			attributes = {
				LastUpgradeCheck = 0800;
				ORGANIZATIONNAME = "xint sol";
				TargetAttributes = {
					AC59BF4F1DB61A0300091A63 = {
						CreatedOnToolsVersion = 8.0;
						ProvisioningStyle = Automatic;
					};
					AC59BF6B1DB61A0300091A63 = {
						CreatedOnToolsVersion = 8.0;
						ProvisioningStyle = Automatic;
						TestTargetID = AC59BF4F1DB61A0300091A63;
					};
					AC59BF761DB61A0300091A63 = {
						CreatedOnToolsVersion = 8.0;
						ProvisioningStyle = Automatic;
						TestTargetID = AC59BF4F1DB61A0300091A63;
					};
				};
			};
			buildConfigurationList = AC59BF4B1DB61A0200091A63 /* Build configuration list for PBXProject "QuickDiscount" */;
			compatibilityVersion = "Xcode 3.2";
			developmentRegion = English;
			hasScannedForEncodings = 0;
			knownRegions = (
				en,
				Base,
			);
			mainGroup = AC59BF471DB61A0200091A63;
			productRefGroup = AC59BF511DB61A0300091A63 /* Products */;
			projectDirPath = "";
			projectRoot = "";
			targets = (
				AC59BF4F1DB61A0300091A63 /* QuickDiscount */,
				AC59BF6B1DB61A0300091A63 /* QuickDiscountTests */,
				AC59BF761DB61A0300091A63 /* QuickDiscountUITests */,
			);
		};
/* End PBXProject section */

/* Begin PBXResourcesBuildPhase section */
		AC59BF4E1DB61A0300091A63 /* Resources */ = {
			isa = PBXResourcesBuildPhase;
			buildActionMask = 2147483647;
			files = (
				AC59BF661DB61A0300091A63 /* LaunchScreen.storyboard in Resources */,
				AC59BF631DB61A0300091A63 /* Assets.xcassets in Resources */,
				AC59BF5E1DB61A0300091A63 /* Main.storyboard in Resources */,
			);
			runOnlyForDeploymentPostprocessing = 0;
		};
		AC59BF6A1DB61A0300091A63 /* Resources */ = {
			isa = PBXResourcesBuildPhase;
			buildActionMask = 2147483647;
			files = (
			);
			runOnlyForDeploymentPostprocessing = 0;
		};
		AC59BF751DB61A0300091A63 /* Resources */ = {
			isa = PBXResourcesBuildPhase;
			buildActionMask = 2147483647;
			files = (
			);
			runOnlyForDeploymentPostprocessing = 0;
		};
/* End PBXResourcesBuildPhase section */

/* Begin PBXSourcesBuildPhase section */
		AC59BF4C1DB61A0300091A63 /* Sources */ = {
			isa = PBXSourcesBuildPhase;
			buildActionMask = 2147483647;
			files = (
				AC59BF611DB61A0300091A63 /* QuickDiscount.xcdatamodeld in Sources */,
				AC59BF5B1DB61A0300091A63 /* ViewController.m in Sources */,
				AC59BF581DB61A0300091A63 /* AppDelegate.m in Sources */,
				AC59BF551DB61A0300091A63 /* main.m in Sources */,
			);
			runOnlyForDeploymentPostprocessing = 0;
		};
		AC59BF681DB61A0300091A63 /* Sources */ = {
			isa = PBXSourcesBuildPhase;
			buildActionMask = 2147483647;
			files = (
				AC59BF711DB61A0300091A63 /* QuickDiscountTests.m in Sources */,
			);
			runOnlyForDeploymentPostprocessing = 0;
		};
		AC59BF731DB61A0300091A63 /* Sources */ = {
			isa = PBXSourcesBuildPhase;
			buildActionMask = 2147483647;
			files = (
				AC59BF7C1DB61A0300091A63 /* QuickDiscountUITests.m in Sources */,
			);
			runOnlyForDeploymentPostprocessing = 0;
		};
/* End PBXSourcesBuildPhase section */

/* Begin PBXTargetDependency section */
		AC59BF6E1DB61A0300091A63 /* PBXTargetDependency */ = {
			isa = PBXTargetDependency;
			target = AC59BF4F1DB61A0300091A63 /* QuickDiscount */;
			targetProxy = AC59BF6D1DB61A0300091A63 /* PBXContainerItemProxy */;
		};
		AC59BF791DB61A0300091A63 /* PBXTargetDependency */ = {
			isa = PBXTargetDependency;
			target = AC59BF4F1DB61A0300091A63 /* QuickDiscount */;
			targetProxy = AC59BF781DB61A0300091A63 /* PBXContainerItemProxy */;
		};
/* End PBXTargetDependency section */

/* Begin PBXVariantGroup section */
		AC59BF5C1DB61A0300091A63 /* Main.storyboard */ = {
			isa = PBXVariantGroup;
			children = (
				AC59BF5D1DB61A0300091A63 /* Base */,
			);
			name = Main.storyboard;
			sourceTree = "<group>";
		};
		AC59BF641DB61A0300091A63 /* LaunchScreen.storyboard */ = {
			isa = PBXVariantGroup;
			children = (
				AC59BF651DB61A0300091A63 /* Base */,
			);
			name = LaunchScreen.storyboard;
			sourceTree = "<group>";
		};
/* End PBXVariantGroup section */

/* Begin XCBuildConfiguration section */
		AC59BF7E1DB61A0300091A63 /* Debug */ = {
			isa = XCBuildConfiguration;
			buildSettings = {
				ALWAYS_SEARCH_USER_PATHS = NO;
				CLANG_ANALYZER_NONNULL = YES;
				CLANG_CXX_LANGUAGE_STANDARD = "gnu++0x";
				CLANG_CXX_LIBRARY = "libc++";
				CLANG_ENABLE_MODULES = YES;
				CLANG_ENABLE_OBJC_ARC = YES;
				CLANG_WARN_BOOL_CONVERSION = YES;
				CLANG_WARN_CONSTANT_CONVERSION = YES;
				CLANG_WARN_DIRECT_OBJC_ISA_USAGE = YES_ERROR;
				CLANG_WARN_DOCUMENTATION_COMMENTS = YES;
				CLANG_WARN_EMPTY_BODY = YES;
				CLANG_WARN_ENUM_CONVERSION = YES;
				CLANG_WARN_INFINITE_RECURSION = YES;
				CLANG_WARN_INT_CONVERSION = YES;
				CLANG_WARN_OBJC_ROOT_CLASS = YES_ERROR;
				CLANG_WARN_SUSPICIOUS_MOVES = YES;
				CLANG_WARN_UNREACHABLE_CODE = YES;
				CLANG_WARN__DUPLICATE_METHOD_MATCH = YES;
				"CODE_SIGN_IDENTITY[sdk=iphoneos*]" = "iPhone Developer";
				COPY_PHASE_STRIP = NO;
				DEBUG_INFORMATION_FORMAT = dwarf;
				ENABLE_STRICT_OBJC_MSGSEND = YES;
				ENABLE_TESTABILITY = YES;
				GCC_C_LANGUAGE_STANDARD = gnu99;
				GCC_DYNAMIC_NO_PIC = NO;
				GCC_NO_COMMON_BLOCKS = YES;
				GCC_OPTIMIZATION_LEVEL = 0;
				GCC_PREPROCESSOR_DEFINITIONS = (
					"DEBUG=1",
					"$(inherited)",
				);
				GCC_WARN_64_TO_32_BIT_CONVERSION = YES;
				GCC_WARN_ABOUT_RETURN_TYPE = YES_ERROR;
				GCC_WARN_UNDECLARED_SELECTOR = YES;
				GCC_WARN_UNINITIALIZED_AUTOS = YES_AGGRESSIVE;
				GCC_WARN_UNUSED_FUNCTION = YES;
				GCC_WARN_UNUSED_VARIABLE = YES;
				IPHONEOS_DEPLOYMENT_TARGET = 10.0;
				MTL_ENABLE_DEBUG_INFO = YES;
				ONLY_ACTIVE_ARCH = YES;
				SDKROOT = iphoneos;
			};
			name = Debug;
		};
		AC59BF7F1DB61A0300091A63 /* Release */ = {
			isa = XCBuildConfiguration;
			buildSettings = {
				ALWAYS_SEARCH_USER_PATHS = NO;
				CLANG_ANALYZER_NONNULL = YES;
				CLANG_CXX_LANGUAGE_STANDARD = "gnu++0x";
				CLANG_CXX_LIBRARY = "libc++";
				CLANG_ENABLE_MODULES = YES;
				CLANG_ENABLE_OBJC_ARC = YES;
				CLANG_WARN_BOOL_CONVERSION = YES;
				CLANG_WARN_CONSTANT_CONVERSION = YES;
				CLANG_WARN_DIRECT_OBJC_ISA_USAGE = YES_ERROR;
				CLANG_WARN_DOCUMENTATION_COMMENTS = YES;
				CLANG_WARN_EMPTY_BODY = YES;
				CLANG_WARN_ENUM_CONVERSION = YES;
				CLANG_WARN_INFINITE_RECURSION = YES;
				CLANG_WARN_INT_CONVERSION = YES;
				CLANG_WARN_OBJC_ROOT_CLASS = YES_ERROR;
				CLANG_WARN_SUSPICIOUS_MOVES = YES;
				CLANG_WARN_UNREACHABLE_CODE = YES;
				CLANG_WARN__DUPLICATE_METHOD_MATCH = YES;
				"CODE_SIGN_IDENTITY[sdk=iphoneos*]" = "iPhone Developer";
				COPY_PHASE_STRIP = NO;
				DEBUG_INFORMATION_FORMAT = "dwarf-with-dsym";
				ENABLE_NS_ASSERTIONS = NO;
				ENABLE_STRICT_OBJC_MSGSEND = YES;
				GCC_C_LANGUAGE_STANDARD = gnu99;
				GCC_NO_COMMON_BLOCKS = YES;
				GCC_WARN_64_TO_32_BIT_CONVERSION = YES;
				GCC_WARN_ABOUT_RETURN_TYPE = YES_ERROR;
				GCC_WARN_UNDECLARED_SELECTOR = YES;
				GCC_WARN_UNINITIALIZED_AUTOS = YES_AGGRESSIVE;
				GCC_WARN_UNUSED_FUNCTION = YES;
				GCC_WARN_UNUSED_VARIABLE = YES;
				IPHONEOS_DEPLOYMENT_TARGET = 10.0;
				MTL_ENABLE_DEBUG_INFO = NO;
				SDKROOT = iphoneos;
				VALIDATE_PRODUCT = YES;
			};
			name = Release;
		};
		AC59BF811DB61A0300091A63 /* Debug */ = {
			isa = XCBuildConfiguration;
			buildSettings = {
				ASSETCATALOG_COMPILER_APPICON_NAME = AppIcon;
				INFOPLIST_FILE = QuickDiscount/Info.plist;
				LD_RUNPATH_SEARCH_PATHS = "$(inherited) @executable_path/Frameworks";
				PRODUCT_BUNDLE_IDENTIFIER = com.xintGeneric.QuickDiscount;
				PRODUCT_NAME = "$(TARGET_NAME)";
			};
			name = Debug;
		};
		AC59BF821DB61A0300091A63 /* Release */ = {
			isa = XCBuildConfiguration;
			buildSettings = {
				ASSETCATALOG_COMPILER_APPICON_NAME = AppIcon;
				INFOPLIST_FILE = QuickDiscount/Info.plist;
				LD_RUNPATH_SEARCH_PATHS = "$(inherited) @executable_path/Frameworks";
				PRODUCT_BUNDLE_IDENTIFIER = com.xintGeneric.QuickDiscount;
				PRODUCT_NAME = "$(TARGET_NAME)";
			};
			name = Release;
		};
		AC59BF841DB61A0300091A63 /* Debug */ = {
			isa = XCBuildConfiguration;
			buildSettings = {
				BUNDLE_LOADER = "$(TEST_HOST)";
				INFOPLIST_FILE = QuickDiscountTests/Info.plist;
				LD_RUNPATH_SEARCH_PATHS = "$(inherited) @executable_path/Frameworks @loader_path/Frameworks";
				PRODUCT_BUNDLE_IDENTIFIER = com.xintGeneric.QuickDiscountTests;
				PRODUCT_NAME = "$(TARGET_NAME)";
				TEST_HOST = "$(BUILT_PRODUCTS_DIR)/QuickDiscount.app/QuickDiscount";
			};
			name = Debug;
		};
		AC59BF851DB61A0300091A63 /* Release */ = {
			isa = XCBuildConfiguration;
			buildSettings = {
				BUNDLE_LOADER = "$(TEST_HOST)";
				INFOPLIST_FILE = QuickDiscountTests/Info.plist;
				LD_RUNPATH_SEARCH_PATHS = "$(inherited) @executable_path/Frameworks @loader_path/Frameworks";
				PRODUCT_BUNDLE_IDENTIFIER = com.xintGeneric.QuickDiscountTests;
				PRODUCT_NAME = "$(TARGET_NAME)";
				TEST_HOST = "$(BUILT_PRODUCTS_DIR)/QuickDiscount.app/QuickDiscount";
			};
			name = Release;
		};
		AC59BF871DB61A0300091A63 /* Debug */ = {
			isa = XCBuildConfiguration;
			buildSettings = {
				INFOPLIST_FILE = QuickDiscountUITests/Info.plist;
				LD_RUNPATH_SEARCH_PATHS = "$(inherited) @executable_path/Frameworks @loader_path/Frameworks";
				PRODUCT_BUNDLE_IDENTIFIER = com.xintGeneric.QuickDiscountUITests;
				PRODUCT_NAME = "$(TARGET_NAME)";
				TEST_TARGET_NAME = QuickDiscount;
			};
			name = Debug;
		};
		AC59BF881DB61A0300091A63 /* Release */ = {
			isa = XCBuildConfiguration;
			buildSettings = {
				INFOPLIST_FILE = QuickDiscountUITests/Info.plist;
				LD_RUNPATH_SEARCH_PATHS = "$(inherited) @executable_path/Frameworks @loader_path/Frameworks";
				PRODUCT_BUNDLE_IDENTIFIER = com.xintGeneric.QuickDiscountUITests;
				PRODUCT_NAME = "$(TARGET_NAME)";
				TEST_TARGET_NAME = QuickDiscount;
			};
			name = Release;
		};
/* End XCBuildConfiguration section */

/* Begin XCConfigurationList section */
		AC59BF4B1DB61A0200091A63 /* Build configuration list for PBXProject "QuickDiscount" */ = {
			isa = XCConfigurationList;
			buildConfigurations = (
				AC59BF7E1DB61A0300091A63 /* Debug */,
				AC59BF7F1DB61A0300091A63 /* Release */,
			);
			defaultConfigurationIsVisible = 0;
			defaultConfigurationName = Release;
		};
		AC59BF801DB61A0300091A63 /* Build configuration list for PBXNativeTarget "QuickDiscount" */ = {
			isa = XCConfigurationList;
			buildConfigurations = (
				AC59BF811DB61A0300091A63 /* Debug */,
				AC59BF821DB61A0300091A63 /* Release */,
			);
			defaultConfigurationIsVisible = 0;
		};
		AC59BF831DB61A0300091A63 /* Build configuration list for PBXNativeTarget "QuickDiscountTests" */ = {
			isa = XCConfigurationList;
			buildConfigurations = (
				AC59BF841DB61A0300091A63 /* Debug */,
				AC59BF851DB61A0300091A63 /* Release */,
			);
			defaultConfigurationIsVisible = 0;
		};
		AC59BF861DB61A0300091A63 /* Build configuration list for PBXNativeTarget "QuickDiscountUITests" */ = {
			isa = XCConfigurationList;
			buildConfigurations = (
				AC59BF871DB61A0300091A63 /* Debug */,
				AC59BF881DB61A0300091A63 /* Release */,
			);
			defaultConfigurationIsVisible = 0;
		};
/* End XCConfigurationList section */

/* Begin XCVersionGroup section */
		AC59BF5F1DB61A0300091A63 /* QuickDiscount.xcdatamodeld */ = {
			isa = XCVersionGroup;
			children = (
				AC59BF601DB61A0300091A63 /* QuickDiscount.xcdatamodel */,
			);
			currentVersion = AC59BF601DB61A0300091A63 /* QuickDiscount.xcdatamodel */;
			path = QuickDiscount.xcdatamodeld;
			sourceTree = "<group>";
			versionGroupType = wrapper.xcdatamodel;
		};
/* End XCVersionGroup section */
	};
	rootObject = AC59BF481DB61A0200091A63 /* Project object */;
}
